
Microsoft Visual Studio Solution File, Format Version 12.00
# Visual Studio Version 17
VisualStudioVersion = 17.3.32922.545
MinimumVisualStudioVersion = 10.0.40219.1
Project("{FAE04EC0-301F-11D3-BF4B-00C04F79EFBC}") = "Poetas", "Poetas\Poetas.csproj", "{FE31A8CF-19D0-4AEA-B799-70AFE6B6661C}"
EndProject
Global
	GlobalSection(SolutionConfigurationPlatforms) = preSolution
		Debug|Any CPU = Debug|Any CPU
		Release|Any CPU = Release|Any CPU
	EndGlobalSection
	GlobalSection(ProjectConfigurationPlatforms) = postSolution
		{FE31A8CF-19D0-4AEA-B799-70AFE6B6661C}.Debug|Any CPU.ActiveCfg = Debug|Any CPU
		{FE31A8CF-19D0-4AEA-B799-70AFE6B6661C}.Debug|Any CPU.Build.0 = Debug|Any CPU
		{FE31A8CF-19D0-4AEA-B799-70AFE6B6661C}.Release|Any CPU.ActiveCfg = Release|Any CPU
		{FE31A8CF-19D0-4AEA-B799-70AFE6B6661C}.Release|Any CPU.Build.0 = Release|Any CPU
	EndGlobalSection
	GlobalSection(SolutionProperties) = preSolution
		HideSolutionNode = FALSE
	EndGlobalSection
	GlobalSection(ExtensibilityGlobals) = postSolution
		SolutionGuid = {FA61EE07-EF0A-4933-937C-0BAAE27449FA}
	EndGlobalSection
EndGlobal
